{
    "version": 3,
    "terraform_version": "0.10.2",
    "serial": 7,
    "lineage": "3a254382-8dc6-4865-aec3-15ee1f7a9ce4",
    "modules": [
        {
            "path": [
                "root"
            ],
            "outputs": {},
            "resources": {
                "azurerm_public_ip.pip-test": {
                    "type": "azurerm_public_ip",
                    "depends_on": [
                        "azurerm_resource_group.test-vm"
                    ],
                    "primary": {
                        "id": "/subscriptions/3138b631-8984-4298-a8f7-13af609f702a/resourceGroups/terraform-simple-vm/providers/Microsoft.Network/publicIPAddresses/simplepip",
                        "attributes": {
                            "id": "/subscriptions/3138b631-8984-4298-a8f7-13af609f702a/resourceGroups/terraform-simple-vm/providers/Microsoft.Network/publicIPAddresses/simplepip",
                            "ip_address": "13.76.160.89",
                            "location": "southeastasia",
                            "name": "simplepip",
                            "public_ip_address_allocation": "dynamic",
                            "resource_group_name": "terraform-simple-vm",
                            "tags.%": "0"
                        },
                        "meta": {},
                        "tainted": false
                    },
                    "deposed": [],
                    "provider": ""
                },
                "azurerm_resource_group.test-vm": {
                    "type": "azurerm_resource_group",
                    "depends_on": [],
                    "primary": {
                        "id": "/subscriptions/3138b631-8984-4298-a8f7-13af609f702a/resourceGroups/terraform-simple-vm",
                        "attributes": {
                            "id": "/subscriptions/3138b631-8984-4298-a8f7-13af609f702a/resourceGroups/terraform-simple-vm",
                            "location": "southeastasia",
                            "name": "terraform-simple-vm",
                            "tags.%": "0"
                        },
                        "meta": {},
                        "tainted": false
                    },
                    "deposed": [],
                    "provider": ""
                }
            },
            "depends_on": []
        }
    ]
}
